
Microsoft Visual Studio Solution File, Format Version 12.00
# Visual Studio 15
VisualStudioVersion = 15.0.27004.2010
MinimumVisualStudioVersion = 10.0.40219.1
Project("{8BC9CEB8-8B4A-11D0-8D11-00A0C91BC942}") = "KillMbr", "KillMbr\KillMbr.vcxproj", "{8C7F73B8-116B-4824-A15E-80612595B465}"
EndProject
Global
	GlobalSection(SolutionConfigurationPlatforms) = preSolution
		Debug|x64 = Debug|x64
		Debug|x86 = Debug|x86
		Release|x64 = Release|x64
		Release|x86 = Release|x86
	EndGlobalSection
	GlobalSection(ProjectConfigurationPlatforms) = postSolution
		{8C7F73B8-116B-4824-A15E-80612595B465}.Debug|x64.ActiveCfg = Debug|x64
		{8C7F73B8-116B-4824-A15E-80612595B465}.Debug|x64.Build.0 = Debug|x64
		{8C7F73B8-116B-4824-A15E-80612595B465}.Debug|x86.ActiveCfg = Debug|Win32
		{8C7F73B8-116B-4824-A15E-80612595B465}.Debug|x86.Build.0 = Debug|Win32
		{8C7F73B8-116B-4824-A15E-80612595B465}.Release|x64.ActiveCfg = Release|x64
		{8C7F73B8-116B-4824-A15E-80612595B465}.Release|x64.Build.0 = Release|x64
		{8C7F73B8-116B-4824-A15E-80612595B465}.Release|x86.ActiveCfg = Release|Win32
		{8C7F73B8-116B-4824-A15E-80612595B465}.Release|x86.Build.0 = Release|Win32
	EndGlobalSection
	GlobalSection(SolutionProperties) = preSolution
		HideSolutionNode = FALSE
	EndGlobalSection
	GlobalSection(ExtensibilityGlobals) = postSolution
		SolutionGuid = {29FE80BE-EC26-41CB-9871-249C804D9DE7}
	EndGlobalSection
EndGlobal
